
Microsoft Visual Studio Solution File, Format Version 12.00
# Visual Studio Version 16
VisualStudioVersion = 16.0.28315.86
MinimumVisualStudioVersion = 10.0.40219.1
Project("{9A19103F-16F7-4668-BE54-9A1E7A4F7556}") = "Day1", "Day1\Day1.csproj", "{92AB702F-529F-41E8-BCD8-DDDCE87BDA6C}"
EndProject
Project("{9A19103F-16F7-4668-BE54-9A1E7A4F7556}") = "Helpers", "Helpers\Helpers.csproj", "{B461F83F-C48A-4C1E-BEA4-1E5CEE9BE681}"
EndProject
Project("{9A19103F-16F7-4668-BE54-9A1E7A4F7556}") = "Day2", "Day2\Day2.csproj", "{DA50D782-56E6-4A47-8B55-4A5086F250C1}"
EndProject
Project("{9A19103F-16F7-4668-BE54-9A1E7A4F7556}") = "Day3", "Day3\Day3.csproj", "{ADD4EFE9-93B4-4DD4-B816-22FAEDFAB578}"
EndProject
Project("{9A19103F-16F7-4668-BE54-9A1E7A4F7556}") = "Day4", "Day4\Day4.csproj", "{0A0317B0-DDCF-4B05-80AB-396FDBFA2540}"
EndProject
Project("{9A19103F-16F7-4668-BE54-9A1E7A4F7556}") = "Day5", "Day5\Day5.csproj", "{18B07614-71CF-4435-BAE5-C187B1B200E2}"
EndProject
Project("{9A19103F-16F7-4668-BE54-9A1E7A4F7556}") = "Day6", "Day6\Day6.csproj", "{177BC9ED-5B18-44C6-8D16-84DA4C694AE9}"
EndProject
Project("{9A19103F-16F7-4668-BE54-9A1E7A4F7556}") = "Day7", "Day7\Day7.csproj", "{F951A104-49CB-4499-94F9-EBF0082E2144}"
EndProject
Project("{9A19103F-16F7-4668-BE54-9A1E7A4F7556}") = "Day8", "Day8\Day8.csproj", "{F42D7FA7-5547-4B97-93CD-809D5A11EF64}"
EndProject
Project("{9A19103F-16F7-4668-BE54-9A1E7A4F7556}") = "Day10", "Day10\Day10.csproj", "{DC961FBE-B145-403F-A502-E56B2111D720}"
EndProject
Project("{9A19103F-16F7-4668-BE54-9A1E7A4F7556}") = "Day9", "Day9\Day9.csproj", "{C1DE88DA-E199-4AEC-A5CE-DD7E624C6848}"
EndProject
Project("{9A19103F-16F7-4668-BE54-9A1E7A4F7556}") = "Day11", "Day11\Day11.csproj", "{2F80AD42-F3F4-4B3B-B658-53BC7B9FCCA4}"
EndProject
Project("{9A19103F-16F7-4668-BE54-9A1E7A4F7556}") = "Day12", "Day12\Day12.csproj", "{AA86706A-F267-45CC-920E-59DB95C24522}"
EndProject
Project("{9A19103F-16F7-4668-BE54-9A1E7A4F7556}") = "Day13", "Day13\Day13.csproj", "{EBD434AF-1E63-4500-8F55-940FEE6740F6}"
EndProject
Project("{9A19103F-16F7-4668-BE54-9A1E7A4F7556}") = "Day14", "Day14\Day14.csproj", "{3360F95E-B6E8-4097-AE78-4CDC1561BBB3}"
EndProject
Project("{9A19103F-16F7-4668-BE54-9A1E7A4F7556}") = "Day15", "Day15\Day15.csproj", "{E061A670-C8EA-42D1-8C5F-D635EAC77C9B}"
EndProject
Project("{9A19103F-16F7-4668-BE54-9A1E7A4F7556}") = "Day16", "Day16\Day16.csproj", "{21E444A5-183C-4822-B1DB-6DD755DC377D}"
EndProject
Project("{9A19103F-16F7-4668-BE54-9A1E7A4F7556}") = "Day17", "Day17\Day17.csproj", "{61D66277-1211-4875-A841-2FD53C796760}"
EndProject
Project("{9A19103F-16F7-4668-BE54-9A1E7A4F7556}") = "Day18", "Day18\Day18.csproj", "{54E54385-A156-4BA9-9245-2B496090D29B}"
EndProject
Project("{9A19103F-16F7-4668-BE54-9A1E7A4F7556}") = "Day19", "Day19\Day19.csproj", "{DD8B1D49-F95C-4E35-B0E9-6D20FEEE3346}"
EndProject
Project("{9A19103F-16F7-4668-BE54-9A1E7A4F7556}") = "Day21", "Day21\Day21.csproj", "{03589666-7605-413A-AF53-ECFD8BA63A0F}"
EndProject
Project("{9A19103F-16F7-4668-BE54-9A1E7A4F7556}") = "Day22", "Day22\Day22.csproj", "{40D19817-82ED-4C28-A79B-D7223C4657B2}"
EndProject
Project("{9A19103F-16F7-4668-BE54-9A1E7A4F7556}") = "Day23", "Day23\Day23.csproj", "{CDEFA41F-2240-4674-B0B5-4BAD2390760E}"
EndProject
Project("{FAE04EC0-301F-11D3-BF4B-00C04F79EFBC}") = "Day25", "Day25\Day25.csproj", "{8B8C2CA9-AC84-4A4C-93F3-424718E6F5DA}"
EndProject
Global
	GlobalSection(SolutionConfigurationPlatforms) = preSolution
		Debug|Any CPU = Debug|Any CPU
		Release|Any CPU = Release|Any CPU
	EndGlobalSection
	GlobalSection(ProjectConfigurationPlatforms) = postSolution
		{92AB702F-529F-41E8-BCD8-DDDCE87BDA6C}.Debug|Any CPU.ActiveCfg = Debug|Any CPU
		{92AB702F-529F-41E8-BCD8-DDDCE87BDA6C}.Debug|Any CPU.Build.0 = Debug|Any CPU
		{92AB702F-529F-41E8-BCD8-DDDCE87BDA6C}.Release|Any CPU.ActiveCfg = Release|Any CPU
		{92AB702F-529F-41E8-BCD8-DDDCE87BDA6C}.Release|Any CPU.Build.0 = Release|Any CPU
		{B461F83F-C48A-4C1E-BEA4-1E5CEE9BE681}.Debug|Any CPU.ActiveCfg = Debug|Any CPU
		{B461F83F-C48A-4C1E-BEA4-1E5CEE9BE681}.Debug|Any CPU.Build.0 = Debug|Any CPU
		{B461F83F-C48A-4C1E-BEA4-1E5CEE9BE681}.Release|Any CPU.ActiveCfg = Release|Any CPU
		{B461F83F-C48A-4C1E-BEA4-1E5CEE9BE681}.Release|Any CPU.Build.0 = Release|Any CPU
		{DA50D782-56E6-4A47-8B55-4A5086F250C1}.Debug|Any CPU.ActiveCfg = Debug|Any CPU
		{DA50D782-56E6-4A47-8B55-4A5086F250C1}.Debug|Any CPU.Build.0 = Debug|Any CPU
		{DA50D782-56E6-4A47-8B55-4A5086F250C1}.Release|Any CPU.ActiveCfg = Release|Any CPU
		{DA50D782-56E6-4A47-8B55-4A5086F250C1}.Release|Any CPU.Build.0 = Release|Any CPU
		{ADD4EFE9-93B4-4DD4-B816-22FAEDFAB578}.Debug|Any CPU.ActiveCfg = Debug|Any CPU
		{ADD4EFE9-93B4-4DD4-B816-22FAEDFAB578}.Debug|Any CPU.Build.0 = Debug|Any CPU
		{ADD4EFE9-93B4-4DD4-B816-22FAEDFAB578}.Release|Any CPU.ActiveCfg = Release|Any CPU
		{ADD4EFE9-93B4-4DD4-B816-22FAEDFAB578}.Release|Any CPU.Build.0 = Release|Any CPU
		{0A0317B0-DDCF-4B05-80AB-396FDBFA2540}.Debug|Any CPU.ActiveCfg = Debug|Any CPU
		{0A0317B0-DDCF-4B05-80AB-396FDBFA2540}.Debug|Any CPU.Build.0 = Debug|Any CPU
		{0A0317B0-DDCF-4B05-80AB-396FDBFA2540}.Release|Any CPU.ActiveCfg = Release|Any CPU
		{0A0317B0-DDCF-4B05-80AB-396FDBFA2540}.Release|Any CPU.Build.0 = Release|Any CPU
		{18B07614-71CF-4435-BAE5-C187B1B200E2}.Debug|Any CPU.ActiveCfg = Debug|Any CPU
		{18B07614-71CF-4435-BAE5-C187B1B200E2}.Debug|Any CPU.Build.0 = Debug|Any CPU
		{18B07614-71CF-4435-BAE5-C187B1B200E2}.Release|Any CPU.ActiveCfg = Release|Any CPU
		{18B07614-71CF-4435-BAE5-C187B1B200E2}.Release|Any CPU.Build.0 = Release|Any CPU
		{177BC9ED-5B18-44C6-8D16-84DA4C694AE9}.Debug|Any CPU.ActiveCfg = Debug|Any CPU
		{177BC9ED-5B18-44C6-8D16-84DA4C694AE9}.Debug|Any CPU.Build.0 = Debug|Any CPU
		{177BC9ED-5B18-44C6-8D16-84DA4C694AE9}.Release|Any CPU.ActiveCfg = Release|Any CPU
		{177BC9ED-5B18-44C6-8D16-84DA4C694AE9}.Release|Any CPU.Build.0 = Release|Any CPU
		{F951A104-49CB-4499-94F9-EBF0082E2144}.Debug|Any CPU.ActiveCfg = Debug|Any CPU
		{F951A104-49CB-4499-94F9-EBF0082E2144}.Debug|Any CPU.Build.0 = Debug|Any CPU
		{F951A104-49CB-4499-94F9-EBF0082E2144}.Release|Any CPU.ActiveCfg = Release|Any CPU
		{F951A104-49CB-4499-94F9-EBF0082E2144}.Release|Any CPU.Build.0 = Release|Any CPU
		{F42D7FA7-5547-4B97-93CD-809D5A11EF64}.Debug|Any CPU.ActiveCfg = Debug|Any CPU
		{F42D7FA7-5547-4B97-93CD-809D5A11EF64}.Debug|Any CPU.Build.0 = Debug|Any CPU
		{F42D7FA7-5547-4B97-93CD-809D5A11EF64}.Release|Any CPU.ActiveCfg = Release|Any CPU
		{F42D7FA7-5547-4B97-93CD-809D5A11EF64}.Release|Any CPU.Build.0 = Release|Any CPU
		{DC961FBE-B145-403F-A502-E56B2111D720}.Debug|Any CPU.ActiveCfg = Debug|Any CPU
		{DC961FBE-B145-403F-A502-E56B2111D720}.Debug|Any CPU.Build.0 = Debug|Any CPU
		{DC961FBE-B145-403F-A502-E56B2111D720}.Release|Any CPU.ActiveCfg = Release|Any CPU
		{DC961FBE-B145-403F-A502-E56B2111D720}.Release|Any CPU.Build.0 = Release|Any CPU
		{C1DE88DA-E199-4AEC-A5CE-DD7E624C6848}.Debug|Any CPU.ActiveCfg = Debug|Any CPU
		{C1DE88DA-E199-4AEC-A5CE-DD7E624C6848}.Debug|Any CPU.Build.0 = Debug|Any CPU
		{C1DE88DA-E199-4AEC-A5CE-DD7E624C6848}.Release|Any CPU.ActiveCfg = Release|Any CPU
		{C1DE88DA-E199-4AEC-A5CE-DD7E624C6848}.Release|Any CPU.Build.0 = Release|Any CPU
		{2F80AD42-F3F4-4B3B-B658-53BC7B9FCCA4}.Debug|Any CPU.ActiveCfg = Debug|Any CPU
		{2F80AD42-F3F4-4B3B-B658-53BC7B9FCCA4}.Debug|Any CPU.Build.0 = Debug|Any CPU
		{2F80AD42-F3F4-4B3B-B658-53BC7B9FCCA4}.Release|Any CPU.ActiveCfg = Release|Any CPU
		{2F80AD42-F3F4-4B3B-B658-53BC7B9FCCA4}.Release|Any CPU.Build.0 = Release|Any CPU
		{AA86706A-F267-45CC-920E-59DB95C24522}.Debug|Any CPU.ActiveCfg = Debug|Any CPU
		{AA86706A-F267-45CC-920E-59DB95C24522}.Debug|Any CPU.Build.0 = Debug|Any CPU
		{AA86706A-F267-45CC-920E-59DB95C24522}.Release|Any CPU.ActiveCfg = Release|Any CPU
		{AA86706A-F267-45CC-920E-59DB95C24522}.Release|Any CPU.Build.0 = Release|Any CPU
		{EBD434AF-1E63-4500-8F55-940FEE6740F6}.Debug|Any CPU.ActiveCfg = Debug|Any CPU
		{EBD434AF-1E63-4500-8F55-940FEE6740F6}.Debug|Any CPU.Build.0 = Debug|Any CPU
		{EBD434AF-1E63-4500-8F55-940FEE6740F6}.Release|Any CPU.ActiveCfg = Release|Any CPU
		{EBD434AF-1E63-4500-8F55-940FEE6740F6}.Release|Any CPU.Build.0 = Release|Any CPU
		{3360F95E-B6E8-4097-AE78-4CDC1561BBB3}.Debug|Any CPU.ActiveCfg = Debug|Any CPU
		{3360F95E-B6E8-4097-AE78-4CDC1561BBB3}.Debug|Any CPU.Build.0 = Debug|Any CPU
		{3360F95E-B6E8-4097-AE78-4CDC1561BBB3}.Release|Any CPU.ActiveCfg = Release|Any CPU
		{3360F95E-B6E8-4097-AE78-4CDC1561BBB3}.Release|Any CPU.Build.0 = Release|Any CPU
		{E061A670-C8EA-42D1-8C5F-D635EAC77C9B}.Debug|Any CPU.ActiveCfg = Debug|Any CPU
		{E061A670-C8EA-42D1-8C5F-D635EAC77C9B}.Debug|Any CPU.Build.0 = Debug|Any CPU
		{E061A670-C8EA-42D1-8C5F-D635EAC77C9B}.Release|Any CPU.ActiveCfg = Release|Any CPU
		{E061A670-C8EA-42D1-8C5F-D635EAC77C9B}.Release|Any CPU.Build.0 = Release|Any CPU
		{21E444A5-183C-4822-B1DB-6DD755DC377D}.Debug|Any CPU.ActiveCfg = Debug|Any CPU
		{21E444A5-183C-4822-B1DB-6DD755DC377D}.Debug|Any CPU.Build.0 = Debug|Any CPU
		{21E444A5-183C-4822-B1DB-6DD755DC377D}.Release|Any CPU.ActiveCfg = Release|Any CPU
		{21E444A5-183C-4822-B1DB-6DD755DC377D}.Release|Any CPU.Build.0 = Release|Any CPU
		{61D66277-1211-4875-A841-2FD53C796760}.Debug|Any CPU.ActiveCfg = Debug|Any CPU
		{61D66277-1211-4875-A841-2FD53C796760}.Debug|Any CPU.Build.0 = Debug|Any CPU
		{61D66277-1211-4875-A841-2FD53C796760}.Release|Any CPU.ActiveCfg = Release|Any CPU
		{61D66277-1211-4875-A841-2FD53C796760}.Release|Any CPU.Build.0 = Release|Any CPU
		{54E54385-A156-4BA9-9245-2B496090D29B}.Debug|Any CPU.ActiveCfg = Debug|Any CPU
		{54E54385-A156-4BA9-9245-2B496090D29B}.Debug|Any CPU.Build.0 = Debug|Any CPU
		{54E54385-A156-4BA9-9245-2B496090D29B}.Release|Any CPU.ActiveCfg = Release|Any CPU
		{54E54385-A156-4BA9-9245-2B496090D29B}.Release|Any CPU.Build.0 = Release|Any CPU
		{DD8B1D49-F95C-4E35-B0E9-6D20FEEE3346}.Debug|Any CPU.ActiveCfg = Debug|Any CPU
		{DD8B1D49-F95C-4E35-B0E9-6D20FEEE3346}.Debug|Any CPU.Build.0 = Debug|Any CPU
		{DD8B1D49-F95C-4E35-B0E9-6D20FEEE3346}.Release|Any CPU.ActiveCfg = Release|Any CPU
		{DD8B1D49-F95C-4E35-B0E9-6D20FEEE3346}.Release|Any CPU.Build.0 = Release|Any CPU
		{03589666-7605-413A-AF53-ECFD8BA63A0F}.Debug|Any CPU.ActiveCfg = Debug|Any CPU
		{03589666-7605-413A-AF53-ECFD8BA63A0F}.Debug|Any CPU.Build.0 = Debug|Any CPU
		{03589666-7605-413A-AF53-ECFD8BA63A0F}.Release|Any CPU.ActiveCfg = Release|Any CPU
		{03589666-7605-413A-AF53-ECFD8BA63A0F}.Release|Any CPU.Build.0 = Release|Any CPU
		{40D19817-82ED-4C28-A79B-D7223C4657B2}.Debug|Any CPU.ActiveCfg = Debug|Any CPU
		{40D19817-82ED-4C28-A79B-D7223C4657B2}.Debug|Any CPU.Build.0 = Debug|Any CPU
		{40D19817-82ED-4C28-A79B-D7223C4657B2}.Release|Any CPU.ActiveCfg = Release|Any CPU
		{40D19817-82ED-4C28-A79B-D7223C4657B2}.Release|Any CPU.Build.0 = Release|Any CPU
		{CDEFA41F-2240-4674-B0B5-4BAD2390760E}.Debug|Any CPU.ActiveCfg = Debug|Any CPU
		{CDEFA41F-2240-4674-B0B5-4BAD2390760E}.Debug|Any CPU.Build.0 = Debug|Any CPU
		{CDEFA41F-2240-4674-B0B5-4BAD2390760E}.Release|Any CPU.ActiveCfg = Release|Any CPU
		{CDEFA41F-2240-4674-B0B5-4BAD2390760E}.Release|Any CPU.Build.0 = Release|Any CPU
		{8B8C2CA9-AC84-4A4C-93F3-424718E6F5DA}.Debug|Any CPU.ActiveCfg = Debug|Any CPU
		{8B8C2CA9-AC84-4A4C-93F3-424718E6F5DA}.Debug|Any CPU.Build.0 = Debug|Any CPU
		{8B8C2CA9-AC84-4A4C-93F3-424718E6F5DA}.Release|Any CPU.ActiveCfg = Release|Any CPU
		{8B8C2CA9-AC84-4A4C-93F3-424718E6F5DA}.Release|Any CPU.Build.0 = Release|Any CPU
	EndGlobalSection
	GlobalSection(SolutionProperties) = preSolution
		HideSolutionNode = FALSE
	EndGlobalSection
	GlobalSection(ExtensibilityGlobals) = postSolution
		SolutionGuid = {6D16DB8D-E117-4AAE-8F46-CBE2506AB641}
	EndGlobalSection
EndGlobal
